
Microsoft Visual Studio Solution File, Format Version 12.00
# Visual Studio Version 17
VisualStudioVersion = 17.5.002.0
MinimumVisualStudioVersion = 10.0.40219.1
Project("{9A19103F-16F7-4668-BE54-9A1E7A4F7556}") = "Patron de diseño Observer", "Patron de diseño Observer.csproj", "{70B166C4-BCFE-4A96-A182-6185363508D8}"
EndProject
Global
	GlobalSection(SolutionConfigurationPlatforms) = preSolution
		Debug|Any CPU = Debug|Any CPU
		Release|Any CPU = Release|Any CPU
	EndGlobalSection
	GlobalSection(ProjectConfigurationPlatforms) = postSolution
		{70B166C4-BCFE-4A96-A182-6185363508D8}.Debug|Any CPU.ActiveCfg = Debug|Any CPU
		{70B166C4-BCFE-4A96-A182-6185363508D8}.Debug|Any CPU.Build.0 = Debug|Any CPU
		{70B166C4-BCFE-4A96-A182-6185363508D8}.Release|Any CPU.ActiveCfg = Release|Any CPU
		{70B166C4-BCFE-4A96-A182-6185363508D8}.Release|Any CPU.Build.0 = Release|Any CPU
	EndGlobalSection
	GlobalSection(SolutionProperties) = preSolution
		HideSolutionNode = FALSE
	EndGlobalSection
	GlobalSection(ExtensibilityGlobals) = postSolution
		SolutionGuid = {0803C228-1EF9-4B42-B21B-25FF26574129}
	EndGlobalSection
EndGlobal
